
Microsoft Visual Studio Solution File, Format Version 12.00
# Visual Studio 14
VisualStudioVersion = 14.0.25420.1
MinimumVisualStudioVersion = 10.0.40219.1
Project("{2150E333-8FDC-42A3-9474-1A3956D46DE8}") = "Data", "Data", "{FF90FD59-CB1A-4F3A-B211-D9E6D2812640}"
EndProject
Project("{2150E333-8FDC-42A3-9474-1A3956D46DE8}") = "Services", "Services", "{7CFF6B8B-0762-40C8-B737-F9D79DCDB3F7}"
EndProject
Project("{2150E333-8FDC-42A3-9474-1A3956D46DE8}") = "Tests", "Tests", "{7782ABCC-7929-4C06-BDBF-4379B112C1A9}"
EndProject
Project("{2150E333-8FDC-42A3-9474-1A3956D46DE8}") = "Web", "Web", "{C7F86307-144C-4879-B3C6-D9D9B19FD0CB}"
EndProject
Project("{FAE04EC0-301F-11D3-BF4B-00C04F79EFBC}") = "Langcademy.Common", "Langcademy.Common\Langcademy.Common.csproj", "{54E74F54-97E3-46EF-A703-2103C77FD35F}"
EndProject
Project("{FAE04EC0-301F-11D3-BF4B-00C04F79EFBC}") = "Langcademy.Web", "Langcademy.Web\Langcademy.Web.csproj", "{A4F647A1-7956-43FD-B9A9-CCB32512D255}"
EndProject
Project("{FAE04EC0-301F-11D3-BF4B-00C04F79EFBC}") = "Langcademy.Data", "Langcademy.Data\Langcademy.Data.csproj", "{A856593F-E156-4EA5-876F-E136373983ED}"
EndProject
Global
	GlobalSection(SolutionConfigurationPlatforms) = preSolution
		Debug|Any CPU = Debug|Any CPU
		Release|Any CPU = Release|Any CPU
	EndGlobalSection
	GlobalSection(ProjectConfigurationPlatforms) = postSolution
		{54E74F54-97E3-46EF-A703-2103C77FD35F}.Debug|Any CPU.ActiveCfg = Debug|Any CPU
		{54E74F54-97E3-46EF-A703-2103C77FD35F}.Debug|Any CPU.Build.0 = Debug|Any CPU
		{54E74F54-97E3-46EF-A703-2103C77FD35F}.Release|Any CPU.ActiveCfg = Release|Any CPU
		{54E74F54-97E3-46EF-A703-2103C77FD35F}.Release|Any CPU.Build.0 = Release|Any CPU
		{A4F647A1-7956-43FD-B9A9-CCB32512D255}.Debug|Any CPU.ActiveCfg = Debug|Any CPU
		{A4F647A1-7956-43FD-B9A9-CCB32512D255}.Debug|Any CPU.Build.0 = Debug|Any CPU
		{A4F647A1-7956-43FD-B9A9-CCB32512D255}.Release|Any CPU.ActiveCfg = Release|Any CPU
		{A4F647A1-7956-43FD-B9A9-CCB32512D255}.Release|Any CPU.Build.0 = Release|Any CPU
		{A856593F-E156-4EA5-876F-E136373983ED}.Debug|Any CPU.ActiveCfg = Debug|Any CPU
		{A856593F-E156-4EA5-876F-E136373983ED}.Debug|Any CPU.Build.0 = Debug|Any CPU
		{A856593F-E156-4EA5-876F-E136373983ED}.Release|Any CPU.ActiveCfg = Release|Any CPU
		{A856593F-E156-4EA5-876F-E136373983ED}.Release|Any CPU.Build.0 = Release|Any CPU
	EndGlobalSection
	GlobalSection(SolutionProperties) = preSolution
		HideSolutionNode = FALSE
	EndGlobalSection
	GlobalSection(NestedProjects) = preSolution
		{A4F647A1-7956-43FD-B9A9-CCB32512D255} = {C7F86307-144C-4879-B3C6-D9D9B19FD0CB}
		{A856593F-E156-4EA5-876F-E136373983ED} = {7CFF6B8B-0762-40C8-B737-F9D79DCDB3F7}
	EndGlobalSection
EndGlobal
